
Microsoft Visual Studio Solution File, Format Version 12.00
# Visual Studio Version 18
VisualStudioVersion = 18.2.11415.280
MinimumVisualStudioVersion = 10.0.40219.1
Project("{8BC9CEB8-8B4A-11D0-8D11-00A0C91BC942}") = "JamNet", "JamNet\JamNet.vcxproj", "{1AD2CA5E-D7A5-4588-B2DC-12D55553BF94}"
EndProject
Project("{8BC9CEB8-8B4A-11D0-8D11-00A0C91BC942}") = "TestClient", "TestApp\TestClient\TestClient.vcxproj", "{95063840-AAAF-47B0-9EAD-057AC0C43D3E}"
EndProject
Project("{8BC9CEB8-8B4A-11D0-8D11-00A0C91BC942}") = "TestServer", "TestApp\TestServer\TestServer.vcxproj", "{1C89021D-74C6-46CC-BD5C-E0D4FEC767AB}"
EndProject
Project("{8BC9CEB8-8B4A-11D0-8D11-00A0C91BC942}") = "JamBase", "JamBase\JamBase.vcxproj", "{2014CE1D-20D9-4569-AEAA-4A018C9A7C27}"
EndProject
Project("{8BC9CEB8-8B4A-11D0-8D11-00A0C91BC942}") = "JamPx", "JamPx\JamPx.vcxproj", "{8C65B988-68A0-44FD-A37A-F7FD3CF346CD}"
EndProject
Project("{8BC9CEB8-8B4A-11D0-8D11-00A0C91BC942}") = "JamTools.SharedData", "JamTools.SharedData\JamTools.SharedData.vcxproj", "{C5B2585D-0EDF-410D-BA30-71E663C2B6ED}"
EndProject
Project("{8BC9CEB8-8B4A-11D0-8D11-00A0C91BC942}") = "JamTools", "JamTools\JamTools.vcxproj", "{B35DE523-4C94-4725-9498-3BD566561D33}"
EndProject
Project("{8BC9CEB8-8B4A-11D0-8D11-00A0C91BC942}") = "JamUnityBridge", "JamUnityBridge\JamUnityBridge.vcxproj", "{9CE5934C-470F-4A3E-86D5-7C0E9E9FEDF9}"
EndProject
Project("{8BC9CEB8-8B4A-11D0-8D11-00A0C91BC942}") = "M1_Server", "SampleApp\M1_Server\M1_Server.vcxproj", "{ABF4AA89-5532-4240-9E94-4369DE5B0D23}"
EndProject
Global
	GlobalSection(SolutionConfigurationPlatforms) = preSolution
		Debug|x64 = Debug|x64
		Debug|x86 = Debug|x86
		Release|x64 = Release|x64
		Release|x86 = Release|x86
	EndGlobalSection
	GlobalSection(ProjectConfigurationPlatforms) = postSolution
		{1AD2CA5E-D7A5-4588-B2DC-12D55553BF94}.Debug|x64.ActiveCfg = Debug|x64
		{1AD2CA5E-D7A5-4588-B2DC-12D55553BF94}.Debug|x64.Build.0 = Debug|x64
		{1AD2CA5E-D7A5-4588-B2DC-12D55553BF94}.Debug|x86.ActiveCfg = Debug|Win32
		{1AD2CA5E-D7A5-4588-B2DC-12D55553BF94}.Debug|x86.Build.0 = Debug|Win32
		{1AD2CA5E-D7A5-4588-B2DC-12D55553BF94}.Release|x64.ActiveCfg = Release|x64
		{1AD2CA5E-D7A5-4588-B2DC-12D55553BF94}.Release|x64.Build.0 = Release|x64
		{1AD2CA5E-D7A5-4588-B2DC-12D55553BF94}.Release|x86.ActiveCfg = Release|Win32
		{1AD2CA5E-D7A5-4588-B2DC-12D55553BF94}.Release|x86.Build.0 = Release|Win32
		{95063840-AAAF-47B0-9EAD-057AC0C43D3E}.Debug|x64.ActiveCfg = Debug|x64
		{95063840-AAAF-47B0-9EAD-057AC0C43D3E}.Debug|x64.Build.0 = Debug|x64
		{95063840-AAAF-47B0-9EAD-057AC0C43D3E}.Debug|x86.ActiveCfg = Debug|Win32
		{95063840-AAAF-47B0-9EAD-057AC0C43D3E}.Debug|x86.Build.0 = Debug|Win32
		{95063840-AAAF-47B0-9EAD-057AC0C43D3E}.Release|x64.ActiveCfg = Release|x64
		{95063840-AAAF-47B0-9EAD-057AC0C43D3E}.Release|x64.Build.0 = Release|x64
		{95063840-AAAF-47B0-9EAD-057AC0C43D3E}.Release|x86.ActiveCfg = Release|Win32
		{95063840-AAAF-47B0-9EAD-057AC0C43D3E}.Release|x86.Build.0 = Release|Win32
		{1C89021D-74C6-46CC-BD5C-E0D4FEC767AB}.Debug|x64.ActiveCfg = Debug|x64
		{1C89021D-74C6-46CC-BD5C-E0D4FEC767AB}.Debug|x64.Build.0 = Debug|x64
		{1C89021D-74C6-46CC-BD5C-E0D4FEC767AB}.Debug|x86.ActiveCfg = Debug|Win32
		{1C89021D-74C6-46CC-BD5C-E0D4FEC767AB}.Debug|x86.Build.0 = Debug|Win32
		{1C89021D-74C6-46CC-BD5C-E0D4FEC767AB}.Release|x64.ActiveCfg = Release|x64
		{1C89021D-74C6-46CC-BD5C-E0D4FEC767AB}.Release|x64.Build.0 = Release|x64
		{1C89021D-74C6-46CC-BD5C-E0D4FEC767AB}.Release|x86.ActiveCfg = Release|Win32
		{1C89021D-74C6-46CC-BD5C-E0D4FEC767AB}.Release|x86.Build.0 = Release|Win32
		{2014CE1D-20D9-4569-AEAA-4A018C9A7C27}.Debug|x64.ActiveCfg = Debug|x64
		{2014CE1D-20D9-4569-AEAA-4A018C9A7C27}.Debug|x64.Build.0 = Debug|x64
		{2014CE1D-20D9-4569-AEAA-4A018C9A7C27}.Debug|x86.ActiveCfg = Debug|Win32
		{2014CE1D-20D9-4569-AEAA-4A018C9A7C27}.Debug|x86.Build.0 = Debug|Win32
		{2014CE1D-20D9-4569-AEAA-4A018C9A7C27}.Release|x64.ActiveCfg = Release|x64
		{2014CE1D-20D9-4569-AEAA-4A018C9A7C27}.Release|x64.Build.0 = Release|x64
		{2014CE1D-20D9-4569-AEAA-4A018C9A7C27}.Release|x86.ActiveCfg = Release|Win32
		{2014CE1D-20D9-4569-AEAA-4A018C9A7C27}.Release|x86.Build.0 = Release|Win32
		{8C65B988-68A0-44FD-A37A-F7FD3CF346CD}.Debug|x64.ActiveCfg = Debug|x64
		{8C65B988-68A0-44FD-A37A-F7FD3CF346CD}.Debug|x64.Build.0 = Debug|x64
		{8C65B988-68A0-44FD-A37A-F7FD3CF346CD}.Debug|x86.ActiveCfg = Debug|Win32
		{8C65B988-68A0-44FD-A37A-F7FD3CF346CD}.Debug|x86.Build.0 = Debug|Win32
		{8C65B988-68A0-44FD-A37A-F7FD3CF346CD}.Release|x64.ActiveCfg = Release|x64
		{8C65B988-68A0-44FD-A37A-F7FD3CF346CD}.Release|x64.Build.0 = Release|x64
		{8C65B988-68A0-44FD-A37A-F7FD3CF346CD}.Release|x86.ActiveCfg = Release|Win32
		{8C65B988-68A0-44FD-A37A-F7FD3CF346CD}.Release|x86.Build.0 = Release|Win32
		{C5B2585D-0EDF-410D-BA30-71E663C2B6ED}.Debug|x64.ActiveCfg = Debug|x64
		{C5B2585D-0EDF-410D-BA30-71E663C2B6ED}.Debug|x64.Build.0 = Debug|x64
		{C5B2585D-0EDF-410D-BA30-71E663C2B6ED}.Debug|x86.ActiveCfg = Debug|Win32
		{C5B2585D-0EDF-410D-BA30-71E663C2B6ED}.Debug|x86.Build.0 = Debug|Win32
		{C5B2585D-0EDF-410D-BA30-71E663C2B6ED}.Release|x64.ActiveCfg = Release|x64
		{C5B2585D-0EDF-410D-BA30-71E663C2B6ED}.Release|x64.Build.0 = Release|x64
		{C5B2585D-0EDF-410D-BA30-71E663C2B6ED}.Release|x86.ActiveCfg = Release|Win32
		{C5B2585D-0EDF-410D-BA30-71E663C2B6ED}.Release|x86.Build.0 = Release|Win32
		{B35DE523-4C94-4725-9498-3BD566561D33}.Debug|x64.ActiveCfg = Debug|x64
		{B35DE523-4C94-4725-9498-3BD566561D33}.Debug|x64.Build.0 = Debug|x64
		{B35DE523-4C94-4725-9498-3BD566561D33}.Debug|x86.ActiveCfg = Debug|Win32
		{B35DE523-4C94-4725-9498-3BD566561D33}.Debug|x86.Build.0 = Debug|Win32
		{B35DE523-4C94-4725-9498-3BD566561D33}.Release|x64.ActiveCfg = Release|x64
		{B35DE523-4C94-4725-9498-3BD566561D33}.Release|x64.Build.0 = Release|x64
		{B35DE523-4C94-4725-9498-3BD566561D33}.Release|x86.ActiveCfg = Release|Win32
		{B35DE523-4C94-4725-9498-3BD566561D33}.Release|x86.Build.0 = Release|Win32
		{9CE5934C-470F-4A3E-86D5-7C0E9E9FEDF9}.Debug|x64.ActiveCfg = Debug|x64
		{9CE5934C-470F-4A3E-86D5-7C0E9E9FEDF9}.Debug|x64.Build.0 = Debug|x64
		{9CE5934C-470F-4A3E-86D5-7C0E9E9FEDF9}.Debug|x86.ActiveCfg = Debug|Win32
		{9CE5934C-470F-4A3E-86D5-7C0E9E9FEDF9}.Debug|x86.Build.0 = Debug|Win32
		{9CE5934C-470F-4A3E-86D5-7C0E9E9FEDF9}.Release|x64.ActiveCfg = Release|x64
		{9CE5934C-470F-4A3E-86D5-7C0E9E9FEDF9}.Release|x64.Build.0 = Release|x64
		{9CE5934C-470F-4A3E-86D5-7C0E9E9FEDF9}.Release|x86.ActiveCfg = Release|Win32
		{9CE5934C-470F-4A3E-86D5-7C0E9E9FEDF9}.Release|x86.Build.0 = Release|Win32
		{ABF4AA89-5532-4240-9E94-4369DE5B0D23}.Debug|x64.ActiveCfg = Debug|x64
		{ABF4AA89-5532-4240-9E94-4369DE5B0D23}.Debug|x64.Build.0 = Debug|x64
		{ABF4AA89-5532-4240-9E94-4369DE5B0D23}.Debug|x86.ActiveCfg = Debug|Win32
		{ABF4AA89-5532-4240-9E94-4369DE5B0D23}.Debug|x86.Build.0 = Debug|Win32
		{ABF4AA89-5532-4240-9E94-4369DE5B0D23}.Release|x64.ActiveCfg = Release|x64
		{ABF4AA89-5532-4240-9E94-4369DE5B0D23}.Release|x64.Build.0 = Release|x64
		{ABF4AA89-5532-4240-9E94-4369DE5B0D23}.Release|x86.ActiveCfg = Release|Win32
		{ABF4AA89-5532-4240-9E94-4369DE5B0D23}.Release|x86.Build.0 = Release|Win32
	EndGlobalSection
	GlobalSection(SolutionProperties) = preSolution
		HideSolutionNode = FALSE
	EndGlobalSection
	GlobalSection(ExtensibilityGlobals) = postSolution
		SolutionGuid = {8A0DF6BE-6C01-4A8C-83F8-DF761110E4B5}
	EndGlobalSection
EndGlobal
