<?xml version="1.0" encoding="utf-8"?>
<Project ToolsVersion="4.0" xmlns="http://schemas.microsoft.com/developer/msbuild/2003">
  <ItemGroup>
    <ClCompile Include="CharacterContent.cpp" />
    <ClCompile Include="CharacterSessionStore.cpp" />
    <ClCompile Include="CharacterStore.cpp" />
    <ClCompile Include="SocialContent.cpp" />
    <ClCompile Include="PortalSystem.cpp" />
    <ClCompile Include="WorldContent.cpp" />
    <ClCompile Include="WorldContentsDatabase.cpp" />
    <ClCompile Include="WorldContentsLoader.cpp" />
    <ClCompile Include="main.cpp" />
    <ClCompile Include="pch.cpp" />
    <ClCompile Include="AuthenticationContent.cpp" />
    <ClCompile Include="AccountStore.cpp" />
  </ItemGroup>
  <ItemGroup>
    <ClInclude Include="CharacterContent.h" />
    <ClInclude Include="CharacterSessionStore.h" />
    <ClInclude Include="CharacterStore.h" />
    <ClInclude Include="SocialContent.h" />
    <ClInclude Include="PortalSystem.h" />
    <ClInclude Include="PortalTypes.h" />
    <ClInclude Include="WorldContent.h" />
    <ClInclude Include="WorldContentsDatabase.h" />
    <ClInclude Include="WorldContentsLoader.h" />
    <ClInclude Include="pch.h" />
    <ClInclude Include="AuthenticationContent.h" />
    <ClInclude Include="AccountStore.h" />
  </ItemGroup>
</Project>
