<?xml version="1.0" encoding="utf-8"?>
<Project ToolsVersion="4.0" xmlns="http://schemas.microsoft.com/developer/msbuild/2003">
  <ItemGroup>
    <Filter Include="Header">
      <UniqueIdentifier>{b09a609c-883e-49b9-bde7-1e9340d4a96e}</UniqueIdentifier>
    </Filter>
    <Filter Include="core">
      <UniqueIdentifier>{5105503d-0b38-4adb-9022-612fbd366f25}</UniqueIdentifier>
    </Filter>
    <Filter Include="core\executor">
      <UniqueIdentifier>{8c365bbf-df18-4d76-aaca-3b5f4bbc2d6a}</UniqueIdentifier>
    </Filter>
    <Filter Include="core\memory">
      <UniqueIdentifier>{ece3aa3c-6f63-4f97-aa22-56481e2bf48b}</UniqueIdentifier>
    </Filter>
    <Filter Include="core\utils">
      <UniqueIdentifier>{d249b5cb-b29a-4480-8831-8f8a3ab51ccc}</UniqueIdentifier>
    </Filter>
    <Filter Include="core\net">
      <UniqueIdentifier>{f893f741-d76e-4022-8411-dfe24b46e14e}</UniqueIdentifier>
    </Filter>
    <Filter Include="runtime">
      <UniqueIdentifier>{7376cd94-42b1-4caf-8b19-61fb5183ee44}</UniqueIdentifier>
    </Filter>
    <Filter Include="runtime\world">
      <UniqueIdentifier>{e7d0d2aa-17ff-4b0f-ae6b-60de80fd176c}</UniqueIdentifier>
    </Filter>
    <Filter Include="runtime\world\data">
      <UniqueIdentifier>{6fec970e-9d52-472a-aa67-c37f12f5b002}</UniqueIdentifier>
    </Filter>
    <Filter Include="runtime\application">
      <UniqueIdentifier>{e784dccf-cfa8-416e-8b77-64200d3e53fc}</UniqueIdentifier>
    </Filter>
    <Filter Include="runtime\session">
      <UniqueIdentifier>{2b19bb81-bd6e-49e4-8184-b448c1301c9a}</UniqueIdentifier>
    </Filter>
    <Filter Include="runtime\world\actor">
      <UniqueIdentifier>{8ac24e3e-c109-4611-8573-600ae5cab657}</UniqueIdentifier>
    </Filter>
    <Filter Include="runtime\world\lifecycle">
      <UniqueIdentifier>{3c37aec5-fb7d-4378-9bb4-c8946d34509c}</UniqueIdentifier>
    </Filter>
    <Filter Include="runtime\world\simulation">
      <UniqueIdentifier>{551eac04-5a45-4807-8850-d58421b12377}</UniqueIdentifier>
    </Filter>
    <Filter Include="runtime\world\simulation\common">
      <UniqueIdentifier>{a1f34537-0a7d-40db-8578-b460269ceff4}</UniqueIdentifier>
    </Filter>
    <Filter Include="runtime\world\simulation\client">
      <UniqueIdentifier>{c57c7489-60ab-4ae5-88df-27a63a9fd38a}</UniqueIdentifier>
    </Filter>
    <Filter Include="runtime\world\simulation\server">
      <UniqueIdentifier>{32bd4d01-08f8-48df-ad3f-bbcef0f7fc5f}</UniqueIdentifier>
    </Filter>
    <Filter Include="runtime\protocol">
      <UniqueIdentifier>{7e8e00cb-31b0-437a-a50a-00b1383d9c87}</UniqueIdentifier>
    </Filter>
    <Filter Include="runtime\protocol\transport">
      <UniqueIdentifier>{a3dc214a-f3b8-42c2-8939-df46c61f48c5}</UniqueIdentifier>
    </Filter>
    <Filter Include="runtime\protocol\codec">
      <UniqueIdentifier>{aaf16440-0356-4532-b8af-54ff90944936}</UniqueIdentifier>
    </Filter>
    <Filter Include="runtime\protocol\schema">
      <UniqueIdentifier>{db765c06-3de6-4d12-b4ac-5e3ac7c37400}</UniqueIdentifier>
    </Filter>
    <Filter Include="runtime\protocol\schema\fbs">
      <UniqueIdentifier>{26c03ad2-7bfb-49ae-808d-6acdd094fe69}</UniqueIdentifier>
    </Filter>
    <Filter Include="runtime\protocol\schema\gen">
      <UniqueIdentifier>{a791fb57-b918-4c36-baeb-56f73c3f1dab}</UniqueIdentifier>
    </Filter>
    <Filter Include="runtime\social">
      <UniqueIdentifier>{05b64c2e-2952-47f5-bfca-9de09d7fe29f}</UniqueIdentifier>
    </Filter>
  </ItemGroup>
  <ItemGroup>
    <ClInclude Include="pch.h">
      <Filter>Header</Filter>
    </ClInclude>
    <ClInclude Include="include\jamnet\core\executor\ConcurrentQueueToken.h">
      <Filter>core\executor</Filter>
    </ClInclude>
    <ClInclude Include="include\jamnet\core\executor\CoreTopology.h">
      <Filter>core\executor</Filter>
    </ClInclude>
    <ClInclude Include="include\jamnet\core\executor\DeadLockProfiler.h">
      <Filter>core\executor</Filter>
    </ClInclude>
    <ClInclude Include="include\jamnet\core\executor\ThreadContext.h">
      <Filter>core\executor</Filter>
    </ClInclude>
    <ClInclude Include="include\jamnet\core\executor\FiberCommon.h">
      <Filter>core\executor</Filter>
    </ClInclude>
    <ClInclude Include="include\jamnet\core\executor\FiberScheduler.h">
      <Filter>core\executor</Filter>
    </ClInclude>
    <ClInclude Include="include\jamnet\core\executor\GlobalEventBus.h">
      <Filter>core\executor</Filter>
    </ClInclude>
    <ClInclude Include="include\jamnet\core\executor\GlobalExecutor.h">
      <Filter>core\executor</Filter>
    </ClInclude>
    <ClInclude Include="include\jamnet\core\executor\IExecutor.h">
      <Filter>core\executor</Filter>
    </ClInclude>
    <ClInclude Include="include\jamnet\core\executor\Job.h">
      <Filter>core\executor</Filter>
    </ClInclude>
    <ClInclude Include="include\jamnet\core\executor\Lock.h">
      <Filter>core\executor</Filter>
    </ClInclude>
    <ClInclude Include="include\jamnet\core\executor\LockDeque.h">
      <Filter>core\executor</Filter>
    </ClInclude>
    <ClInclude Include="include\jamnet\core\executor\LockQueue.h">
      <Filter>core\executor</Filter>
    </ClInclude>
    <ClInclude Include="include\jamnet\core\executor\Mailbox.h">
      <Filter>core\executor</Filter>
    </ClInclude>
    <ClInclude Include="include\jamnet\core\executor\MainExecutor.h">
      <Filter>core\executor</Filter>
    </ClInclude>
    <ClInclude Include="include\jamnet\core\executor\NumaTopology.h">
      <Filter>core\executor</Filter>
    </ClInclude>
    <ClInclude Include="include\jamnet\core\executor\ShardRoutingPolicy.h">
      <Filter>core\executor</Filter>
    </ClInclude>
    <ClInclude Include="include\jamnet\core\executor\ShardDirectory.h">
      <Filter>core\executor</Filter>
    </ClInclude>
    <ClInclude Include="include\jamnet\core\executor\ShardDomain.h">
      <Filter>core\executor</Filter>
    </ClInclude>
    <ClInclude Include="include\jamnet\core\executor\ShardExecutor.h">
      <Filter>core\executor</Filter>
    </ClInclude>
    <ClInclude Include="include\jamnet\core\executor\ShardSlot.h">
      <Filter>core\executor</Filter>
    </ClInclude>
    <ClInclude Include="include\jamnet\core\executor\WinFiberBackend.h">
      <Filter>core\executor</Filter>
    </ClInclude>
    <ClInclude Include="include\jamnet\core\memory\DefaultAllocator.h">
      <Filter>core\memory</Filter>
    </ClInclude>
    <ClInclude Include="include\jamnet\core\memory\ObjectPool.h">
      <Filter>core\memory</Filter>
    </ClInclude>
    <ClInclude Include="include\jamnet\core\net\BufferReader.h">
      <Filter>core\net</Filter>
    </ClInclude>
    <ClInclude Include="include\jamnet\core\net\BufferWriter.h">
      <Filter>core\net</Filter>
    </ClInclude>
    <ClInclude Include="include\jamnet\core\net\IocpCore.h">
      <Filter>core\net</Filter>
    </ClInclude>
    <ClInclude Include="include\jamnet\core\net\IocpEvent.h">
      <Filter>core\net</Filter>
    </ClInclude>
    <ClInclude Include="include\jamnet\core\net\NetRuntime.h">
      <Filter>core\net</Filter>
    </ClInclude>
    <ClInclude Include="include\jamnet\core\net\NetAddress.h">
      <Filter>core\net</Filter>
    </ClInclude>
    <ClInclude Include="include\jamnet\core\net\PacketBuilder.h">
      <Filter>core\net</Filter>
    </ClInclude>
    <ClInclude Include="include\jamnet\core\net\PacketStructure.h">
      <Filter>core\net</Filter>
    </ClInclude>
    <ClInclude Include="include\jamnet\core\net\RPC.h">
      <Filter>core\net</Filter>
    </ClInclude>
    <ClInclude Include="include\jamnet\core\net\RPCAPI.h">
      <Filter>core\net</Filter>
    </ClInclude>
    <ClInclude Include="include\jamnet\core\net\Service.h">
      <Filter>core\net</Filter>
    </ClInclude>
    <ClInclude Include="include\jamnet\core\net\Session.h">
      <Filter>core\net</Filter>
    </ClInclude>
    <ClInclude Include="include\jamnet\core\net\SessionComponents.h">
      <Filter>core\net</Filter>
    </ClInclude>
    <ClInclude Include="include\jamnet\core\net\SessionSystems.h">
      <Filter>core\net</Filter>
    </ClInclude>
    <ClInclude Include="include\jamnet\core\net\SocketUtils.h">
      <Filter>core\net</Filter>
    </ClInclude>
    <ClInclude Include="include\jamnet\core\net\TcpListener.h">
      <Filter>core\net</Filter>
    </ClInclude>
    <ClInclude Include="include\jamnet\core\net\TcpSession.h">
      <Filter>core\net</Filter>
    </ClInclude>
    <ClInclude Include="include\jamnet\core\net\UdpRouter.h">
      <Filter>core\net</Filter>
    </ClInclude>
    <ClInclude Include="include\jamnet\core\net\UdpSession.h">
      <Filter>core\net</Filter>
    </ClInclude>
    <ClInclude Include="include\jamnet\core\net\WinErrorHandling.h">
      <Filter>core\net</Filter>
    </ClInclude>
    <ClInclude Include="include\jamnet\core\utils\TimeUnits.h">
      <Filter>core\utils</Filter>
    </ClInclude>
    <ClInclude Include="include\jamnet\core\utils\Clock.h">
      <Filter>core\utils</Filter>
    </ClInclude>
    <ClInclude Include="include\jamnet\core\executor\SeqLock.h">
      <Filter>core\executor</Filter>
    </ClInclude>
    <ClInclude Include="include\jamnet\core\executor\ExecutorMetrics.h">
      <Filter>core\executor</Filter>
    </ClInclude>
    <ClInclude Include="include\jamnet\core\executor\ExecutorPeriodic.h">
      <Filter>core\executor</Filter>
    </ClInclude>
    <ClInclude Include="include\jamnet\core\net\NetworkProfile.h">
      <Filter>core\net</Filter>
    </ClInclude>
    <ClInclude Include="include\jamnet\core\net\Buffer.h">
      <Filter>core\net</Filter>
    </ClInclude>
    <ClInclude Include="include\jamnet\core\net\TcpRecvAssembler.h">
      <Filter>core\net</Filter>
    </ClInclude>
    <ClInclude Include="include\jamnet\JamNet.h">
      <Filter>Header</Filter>
    </ClInclude>
    <ClInclude Include="include\jamnet\core\net\SessionShardState.h">
      <Filter>core\net</Filter>
    </ClInclude>
    <ClInclude Include="include\jamnet\core\net\PacketWireTime.h">
      <Filter>core\net</Filter>
    </ClInclude>
    <ClInclude Include="include\jamnet\runtime\world\data\ActorLevelDatabase.h">
      <Filter>runtime\world\data</Filter>
    </ClInclude>
    <ClInclude Include="include\jamnet\runtime\world\data\ActorLevelsLoader.h">
      <Filter>runtime\world\data</Filter>
    </ClInclude>
    <ClInclude Include="include\jamnet\runtime\world\data\SharedDataManifest.h">
      <Filter>runtime\world\data</Filter>
    </ClInclude>
    <ClInclude Include="include\jamnet\runtime\world\data\SharedDataManifestLoader.h">
      <Filter>runtime\world\data</Filter>
    </ClInclude>
    <ClInclude Include="include\jamnet\runtime\world\data\WorldArchetypeDatabase.h">
      <Filter>runtime\world\data</Filter>
    </ClInclude>
    <ClInclude Include="include\jamnet\runtime\world\data\WorldArchetypesLoader.h">
      <Filter>runtime\world\data</Filter>
    </ClInclude>
    <ClInclude Include="include\jamnet\runtime\world\data\WorldInstanceDatabase.h">
      <Filter>runtime\world\data</Filter>
    </ClInclude>
    <ClInclude Include="include\jamnet\runtime\world\data\WorldInstancesLoader.h">
      <Filter>runtime\world\data</Filter>
    </ClInclude>
    <ClInclude Include="include\jamnet\runtime\world\data\WorldConfigResolver.h">
      <Filter>runtime\world\data</Filter>
    </ClInclude>
    <ClInclude Include="include\jamnet\runtime\world\data\WorldTemplateDatabase.h">
      <Filter>runtime\world\data</Filter>
    </ClInclude>
    <ClInclude Include="include\jamnet\runtime\world\data\WorldTemplatesLoader.h">
      <Filter>runtime\world\data</Filter>
    </ClInclude>
    <ClInclude Include="include\jamnet\core\executor\AtomicSnapshot.h">
      <Filter>core\executor</Filter>
    </ClInclude>
    <ClInclude Include="include\jamnet\core\executor\MailboxRef.h">
      <Filter>core\executor</Filter>
    </ClInclude>
    <ClInclude Include="include\jamnet\core\executor\RuntimeId.h">
      <Filter>core\executor</Filter>
    </ClInclude>
    <ClInclude Include="include\jamnet\core\executor\ShardOwnedObject.h">
      <Filter>core\executor</Filter>
    </ClInclude>
    <ClInclude Include="include\jamnet\core\utils\ScopedTimer.h">
      <Filter>core\utils</Filter>
    </ClInclude>
    <ClInclude Include="include\jamnet\runtime\application\ServerNetworkManager.h">
      <Filter>runtime\application</Filter>
    </ClInclude>
    <ClInclude Include="include\jamnet\runtime\application\AppRuntimeEvents.h">
      <Filter>runtime\application</Filter>
    </ClInclude>
    <ClInclude Include="include\jamnet\runtime\application\ClientNetworkManager.h">
      <Filter>runtime\application</Filter>
    </ClInclude>
    <ClInclude Include="include\jamnet\runtime\application\ClientRuntime.h">
      <Filter>runtime\application</Filter>
    </ClInclude>
    <ClInclude Include="include\jamnet\runtime\session\UserContext.h">
      <Filter>runtime\session</Filter>
    </ClInclude>
    <ClInclude Include="include\jamnet\runtime\session\ClientPrincipalState.h">
      <Filter>runtime\session</Filter>
    </ClInclude>
    <ClInclude Include="include\jamnet\runtime\session\ClientRequestId.h">
      <Filter>runtime\session</Filter>
    </ClInclude>
    <ClInclude Include="include\jamnet\runtime\session\ClientSession.h">
      <Filter>runtime\session</Filter>
    </ClInclude>
    <ClInclude Include="include\jamnet\runtime\session\ServerSession.h">
      <Filter>runtime\session</Filter>
    </ClInclude>
    <ClInclude Include="include\jamnet\runtime\world\actor\ActorActionTypes.h">
      <Filter>runtime\world\actor</Filter>
    </ClInclude>
    <ClInclude Include="include\jamnet\runtime\world\actor\ActorArchetypeDatabase.h">
      <Filter>runtime\world\actor</Filter>
    </ClInclude>
    <ClInclude Include="include\jamnet\runtime\world\actor\ActorArchetypesLoader.h">
      <Filter>runtime\world\actor</Filter>
    </ClInclude>
    <ClInclude Include="include\jamnet\runtime\world\actor\ActorDirectory.h">
      <Filter>runtime\world\actor</Filter>
    </ClInclude>
    <ClInclude Include="include\jamnet\runtime\world\actor\ActorId.h">
      <Filter>runtime\world\actor</Filter>
    </ClInclude>
    <ClInclude Include="include\jamnet\runtime\world\lifecycle\ClientMainWorldState.h">
      <Filter>runtime\world\lifecycle</Filter>
    </ClInclude>
    <ClInclude Include="include\jamnet\runtime\world\lifecycle\ServerWorldTransitionCoordinator.h">
      <Filter>runtime\world\lifecycle</Filter>
    </ClInclude>
    <ClInclude Include="include\jamnet\runtime\world\lifecycle\WorldActionTypes.h">
      <Filter>runtime\world\lifecycle</Filter>
    </ClInclude>
    <ClInclude Include="include\jamnet\runtime\world\lifecycle\WorldBase.h">
      <Filter>runtime\world\lifecycle</Filter>
    </ClInclude>
    <ClInclude Include="include\jamnet\runtime\world\lifecycle\WorldDirectory.h">
      <Filter>runtime\world\lifecycle</Filter>
    </ClInclude>
    <ClInclude Include="include\jamnet\runtime\world\lifecycle\WorldIdentity.h">
      <Filter>runtime\world\lifecycle</Filter>
    </ClInclude>
    <ClInclude Include="include\jamnet\runtime\world\lifecycle\WorldRuntimeLifecycle.h">
      <Filter>runtime\world\lifecycle</Filter>
    </ClInclude>
    <ClInclude Include="include\jamnet\runtime\world\lifecycle\WorldShardState.h">
      <Filter>runtime\world\lifecycle</Filter>
    </ClInclude>
    <ClInclude Include="include\jamnet\runtime\world\lifecycle\WorldTemplateKey.h">
      <Filter>runtime\world\lifecycle</Filter>
    </ClInclude>
    <ClInclude Include="include\jamnet\runtime\world\lifecycle\WorldTransitionTypes.h">
      <Filter>runtime\world\lifecycle</Filter>
    </ClInclude>
    <ClInclude Include="include\jamnet\runtime\protocol\codec\BitBuffer.h">
      <Filter>runtime\protocol\codec</Filter>
    </ClInclude>
    <ClInclude Include="include\jamnet\runtime\protocol\codec\ReplicationCodec.h">
      <Filter>runtime\protocol\codec</Filter>
    </ClInclude>
    <ClInclude Include="include\jamnet\runtime\protocol\schema\RPCSchemaIds.h">
      <Filter>runtime\protocol\schema</Filter>
    </ClInclude>
    <ClInclude Include="include\jamnet\runtime\protocol\schema\gen\world_assignment_generated.h">
      <Filter>runtime\protocol\schema\gen</Filter>
    </ClInclude>
    <ClInclude Include="include\jamnet\runtime\protocol\schema\gen\actor_spawn_generated.h">
      <Filter>runtime\protocol\schema\gen</Filter>
    </ClInclude>
    <ClInclude Include="include\jamnet\runtime\protocol\schema\gen\baseline_ack_generated.h">
      <Filter>runtime\protocol\schema\gen</Filter>
    </ClInclude>
    <ClInclude Include="include\jamnet\runtime\protocol\schema\gen\binding_handshake_generated.h">
      <Filter>runtime\protocol\schema\gen</Filter>
    </ClInclude>
    <ClInclude Include="include\jamnet\runtime\protocol\schema\gen\input_generated.h">
      <Filter>runtime\protocol\schema\gen</Filter>
    </ClInclude>
    <ClInclude Include="include\jamnet\runtime\protocol\schema\gen\lifecycle_generated.h">
      <Filter>runtime\protocol\schema\gen</Filter>
    </ClInclude>
    <ClInclude Include="include\jamnet\runtime\protocol\schema\gen\physics_type_generated.h">
      <Filter>runtime\protocol\schema\gen</Filter>
    </ClInclude>
    <ClInclude Include="include\jamnet\runtime\protocol\schema\gen\snapshot_generated.h">
      <Filter>runtime\protocol\schema\gen</Filter>
    </ClInclude>
    <ClInclude Include="include\jamnet\runtime\protocol\transport\WireBarrier.h">
      <Filter>runtime\protocol\transport</Filter>
    </ClInclude>
    <ClInclude Include="include\jamnet\runtime\protocol\transport\CustomPacketHelper.h">
      <Filter>runtime\protocol\transport</Filter>
    </ClInclude>
    <ClInclude Include="include\jamnet\runtime\world\simulation\client\ClientWorld.h">
      <Filter>runtime\world\simulation\client</Filter>
    </ClInclude>
    <ClInclude Include="include\jamnet\runtime\world\simulation\client\ClientCharacterControlCoordinator.h">
      <Filter>runtime\world\simulation\client</Filter>
    </ClInclude>
    <ClInclude Include="include\jamnet\runtime\world\simulation\client\ClientInputSystem.h">
      <Filter>runtime\world\simulation\client</Filter>
    </ClInclude>
    <ClInclude Include="include\jamnet\runtime\world\simulation\client\ClientPhysicsSystem.h">
      <Filter>runtime\world\simulation\client</Filter>
    </ClInclude>
    <ClInclude Include="include\jamnet\runtime\world\simulation\client\ClientReplaySystem.h">
      <Filter>runtime\world\simulation\client</Filter>
    </ClInclude>
    <ClInclude Include="include\jamnet\runtime\world\simulation\client\ClientReplicationSystem.h">
      <Filter>runtime\world\simulation\client</Filter>
    </ClInclude>
    <ClInclude Include="include\jamnet\runtime\world\simulation\client\ClientSamplingSystem.h">
      <Filter>runtime\world\simulation\client</Filter>
    </ClInclude>
    <ClInclude Include="include\jamnet\runtime\world\simulation\common\WorldContext.h">
      <Filter>runtime\world\simulation\common</Filter>
    </ClInclude>
    <ClInclude Include="include\jamnet\runtime\world\simulation\common\ActorComponents.h">
      <Filter>runtime\world\simulation\common</Filter>
    </ClInclude>
    <ClInclude Include="include\jamnet\runtime\world\simulation\common\CharacterControlResolver.h">
      <Filter>runtime\world\simulation\common</Filter>
    </ClInclude>
    <ClInclude Include="include\jamnet\runtime\world\simulation\common\CharacterControlTypes.h">
      <Filter>runtime\world\simulation\common</Filter>
    </ClInclude>
    <ClInclude Include="include\jamnet\runtime\world\simulation\common\CorrectionReplayRunner.h">
      <Filter>runtime\world\simulation\common</Filter>
    </ClInclude>
    <ClInclude Include="include\jamnet\runtime\world\simulation\common\IReplayRunner.h">
      <Filter>runtime\world\simulation\common</Filter>
    </ClInclude>
    <ClInclude Include="include\jamnet\runtime\world\simulation\common\PhysicalWorld.h">
      <Filter>runtime\world\simulation\common</Filter>
    </ClInclude>
    <ClInclude Include="include\jamnet\runtime\world\simulation\common\ReplicationTypes.h">
      <Filter>runtime\world\simulation\common</Filter>
    </ClInclude>
    <ClInclude Include="include\jamnet\runtime\world\simulation\common\ShardJobBridge.h">
      <Filter>runtime\world\simulation\common</Filter>
    </ClInclude>
    <ClInclude Include="include\jamnet\runtime\world\simulation\server\ServerWorld.h">
      <Filter>runtime\world\simulation\server</Filter>
    </ClInclude>
    <ClInclude Include="include\jamnet\runtime\world\simulation\server\IServerWorldContent.h">
      <Filter>runtime\world\simulation\server</Filter>
    </ClInclude>
    <ClInclude Include="include\jamnet\runtime\world\simulation\server\ServerAoiSystem.h">
      <Filter>runtime\world\simulation\server</Filter>
    </ClInclude>
    <ClInclude Include="include\jamnet\runtime\world\simulation\server\ServerInputSystem.h">
      <Filter>runtime\world\simulation\server</Filter>
    </ClInclude>
    <ClInclude Include="include\jamnet\runtime\world\simulation\server\ServerPhysicsSystem.h">
      <Filter>runtime\world\simulation\server</Filter>
    </ClInclude>
    <ClInclude Include="include\jamnet\runtime\world\simulation\server\ServerReplicationSystem.h">
      <Filter>runtime\world\simulation\server</Filter>
    </ClInclude>
    <ClInclude Include="include\jamnet\runtime\social\SocialTypes.h">
      <Filter>runtime\social</Filter>
    </ClInclude>
    <ClInclude Include="include\jamnet\runtime\social\IServerSocialContent.h">
      <Filter>runtime\social</Filter>
    </ClInclude>
    <ClInclude Include="include\jamnet\runtime\social\ISocialDelivery.h">
      <Filter>runtime\social</Filter>
    </ClInclude>
    <ClInclude Include="include\jamnet\runtime\social\SocialService.h">
      <Filter>runtime\social</Filter>
    </ClInclude>
  </ItemGroup>
  <ItemGroup>
    <ClCompile Include="pch.cpp">
      <Filter>Header</Filter>
    </ClCompile>
    <ClCompile Include="src\core\executor\CoreTopology.cpp">
      <Filter>core\executor</Filter>
    </ClCompile>
    <ClCompile Include="src\core\executor\DeadLockProfiler.cpp">
      <Filter>core\executor</Filter>
    </ClCompile>
    <ClCompile Include="src\core\executor\ThreadContext.cpp">
      <Filter>core\executor</Filter>
    </ClCompile>
    <ClCompile Include="src\core\executor\FiberScheduler.cpp">
      <Filter>core\executor</Filter>
    </ClCompile>
    <ClCompile Include="src\core\executor\GlobalEventBus.cpp">
      <Filter>core\executor</Filter>
    </ClCompile>
    <ClCompile Include="src\core\executor\GlobalExecutor.cpp">
      <Filter>core\executor</Filter>
    </ClCompile>
    <ClCompile Include="src\core\executor\Job.cpp">
      <Filter>core\executor</Filter>
    </ClCompile>
    <ClCompile Include="src\core\executor\Lock.cpp">
      <Filter>core\executor</Filter>
    </ClCompile>
    <ClCompile Include="src\core\executor\Mailbox.cpp">
      <Filter>core\executor</Filter>
    </ClCompile>
    <ClCompile Include="src\core\executor\MainExecutor.cpp">
      <Filter>core\executor</Filter>
    </ClCompile>
    <ClCompile Include="src\core\executor\NumaTopology.cpp">
      <Filter>core\executor</Filter>
    </ClCompile>
    <ClCompile Include="src\core\executor\ShardRoutingPolicy.cpp">
      <Filter>core\executor</Filter>
    </ClCompile>
    <ClCompile Include="src\core\executor\ShardDirectory.cpp">
      <Filter>core\executor</Filter>
    </ClCompile>
    <ClCompile Include="src\core\executor\ShardExecutor.cpp">
      <Filter>core\executor</Filter>
    </ClCompile>
    <ClCompile Include="src\core\executor\ShardSlot.cpp">
      <Filter>core\executor</Filter>
    </ClCompile>
    <ClCompile Include="src\core\executor\WinFiberBackend.cpp">
      <Filter>core\executor</Filter>
    </ClCompile>
    <ClCompile Include="src\core\memory\DefaultAllocator.cpp">
      <Filter>core\memory</Filter>
    </ClCompile>
    <ClCompile Include="src\core\net\BufferReader.cpp">
      <Filter>core\net</Filter>
    </ClCompile>
    <ClCompile Include="src\core\net\BufferWriter.cpp">
      <Filter>core\net</Filter>
    </ClCompile>
    <ClCompile Include="src\core\net\IocpCore.cpp">
      <Filter>core\net</Filter>
    </ClCompile>
    <ClCompile Include="src\core\net\IocpEvent.cpp">
      <Filter>core\net</Filter>
    </ClCompile>
    <ClCompile Include="src\core\net\NetRuntime.cpp">
      <Filter>core\net</Filter>
    </ClCompile>
    <ClCompile Include="src\core\net\NetAddress.cpp">
      <Filter>core\net</Filter>
    </ClCompile>
    <ClCompile Include="src\core\net\PacketBuilder.cpp">
      <Filter>core\net</Filter>
    </ClCompile>
    <ClCompile Include="src\core\net\RPC.cpp">
      <Filter>core\net</Filter>
    </ClCompile>
    <ClCompile Include="src\core\net\Service.cpp">
      <Filter>core\net</Filter>
    </ClCompile>
    <ClCompile Include="src\core\net\Session.cpp">
      <Filter>core\net</Filter>
    </ClCompile>
    <ClCompile Include="src\core\net\SessionComponents.cpp">
      <Filter>core\net</Filter>
    </ClCompile>
    <ClCompile Include="src\core\net\SessionSystems.cpp">
      <Filter>core\net</Filter>
    </ClCompile>
    <ClCompile Include="src\core\net\SocketUtils.cpp">
      <Filter>core\net</Filter>
    </ClCompile>
    <ClCompile Include="src\core\net\TcpListener.cpp">
      <Filter>core\net</Filter>
    </ClCompile>
    <ClCompile Include="src\core\net\TcpSession.cpp">
      <Filter>core\net</Filter>
    </ClCompile>
    <ClCompile Include="src\core\net\UdpRouter.cpp">
      <Filter>core\net</Filter>
    </ClCompile>
    <ClCompile Include="src\core\net\UdpSession.cpp">
      <Filter>core\net</Filter>
    </ClCompile>
    <ClCompile Include="src\core\net\WinErrorHandling.cpp">
      <Filter>core\net</Filter>
    </ClCompile>
    <ClCompile Include="src\core\utils\Clock.cpp">
      <Filter>core\utils</Filter>
    </ClCompile>
    <ClCompile Include="src\core\net\NetworkProfile.cpp">
      <Filter>core\net</Filter>
    </ClCompile>
    <ClCompile Include="src\core\net\Buffer.cpp">
      <Filter>core\net</Filter>
    </ClCompile>
    <ClCompile Include="src\core\net\TcpRecvAssembler.cpp">
      <Filter>core\net</Filter>
    </ClCompile>
    <ClCompile Include="src\core\net\PacketWireTime.cpp">
      <Filter>core\net</Filter>
    </ClCompile>
    <ClCompile Include="src\runtime\world\data\ActorLevelDatabase.cpp">
      <Filter>runtime\world\data</Filter>
    </ClCompile>
    <ClCompile Include="src\runtime\world\data\ActorLevelsLoader.cpp">
      <Filter>runtime\world\data</Filter>
    </ClCompile>
    <ClCompile Include="src\runtime\world\data\SharedDataManifest.cpp">
      <Filter>runtime\world\data</Filter>
    </ClCompile>
    <ClCompile Include="src\runtime\world\data\SharedDataManifestLoader.cpp">
      <Filter>runtime\world\data</Filter>
    </ClCompile>
    <ClCompile Include="src\runtime\world\data\WorldArchetypeDatabase.cpp">
      <Filter>runtime\world\data</Filter>
    </ClCompile>
    <ClCompile Include="src\runtime\world\data\WorldArchetypesLoader.cpp">
      <Filter>runtime\world\data</Filter>
    </ClCompile>
    <ClCompile Include="src\runtime\world\data\WorldInstanceDatabase.cpp">
      <Filter>runtime\world\data</Filter>
    </ClCompile>
    <ClCompile Include="src\runtime\world\data\WorldInstancesLoader.cpp">
      <Filter>runtime\world\data</Filter>
    </ClCompile>
    <ClCompile Include="src\runtime\world\data\WorldConfigResolver.cpp">
      <Filter>runtime\world\data</Filter>
    </ClCompile>
    <ClCompile Include="src\runtime\world\data\WorldTemplateDatabase.cpp">
      <Filter>runtime\world\data</Filter>
    </ClCompile>
    <ClCompile Include="src\runtime\world\data\WorldTemplatesLoader.cpp">
      <Filter>runtime\world\data</Filter>
    </ClCompile>
    <ClCompile Include="src\core\executor\MailboxRef.cpp">
      <Filter>core\executor</Filter>
    </ClCompile>
    <ClCompile Include="src\core\net\SessionShardState.cpp">
      <Filter>core\net</Filter>
    </ClCompile>
    <ClCompile Include="src\runtime\application\ServerNetworkManager.cpp">
      <Filter>runtime\application</Filter>
    </ClCompile>
    <ClCompile Include="src\runtime\application\ClientNetworkManager.cpp">
      <Filter>runtime\application</Filter>
    </ClCompile>
    <ClCompile Include="src\runtime\application\ClientRuntime.cpp">
      <Filter>runtime\application</Filter>
    </ClCompile>
    <ClCompile Include="src\runtime\session\UserContext.cpp">
      <Filter>runtime\session</Filter>
    </ClCompile>
    <ClCompile Include="src\runtime\session\ClientSession.cpp">
      <Filter>runtime\session</Filter>
    </ClCompile>
    <ClCompile Include="src\runtime\session\ServerSession.cpp">
      <Filter>runtime\session</Filter>
    </ClCompile>
    <ClCompile Include="src\runtime\world\actor\ActorDirectory.cpp">
      <Filter>runtime\world\actor</Filter>
    </ClCompile>
    <ClCompile Include="src\runtime\world\actor\ActorArchetypeDatabase.cpp">
      <Filter>runtime\world\actor</Filter>
    </ClCompile>
    <ClCompile Include="src\runtime\world\actor\ActorArchetypesLoader.cpp">
      <Filter>runtime\world\actor</Filter>
    </ClCompile>
    <ClCompile Include="src\runtime\world\lifecycle\WorldRuntimeLifecycle.cpp">
      <Filter>runtime\world\lifecycle</Filter>
    </ClCompile>
    <ClCompile Include="src\runtime\world\lifecycle\WorldShardState.cpp">
      <Filter>runtime\world\lifecycle</Filter>
    </ClCompile>
    <ClCompile Include="src\runtime\world\lifecycle\ClientMainWorldState.cpp">
      <Filter>runtime\world\lifecycle</Filter>
    </ClCompile>
    <ClCompile Include="src\runtime\world\lifecycle\ServerWorldTransitionCoordinator.cpp">
      <Filter>runtime\world\lifecycle</Filter>
    </ClCompile>
    <ClCompile Include="src\runtime\world\lifecycle\WorldBase.cpp">
      <Filter>runtime\world\lifecycle</Filter>
    </ClCompile>
    <ClCompile Include="src\runtime\world\lifecycle\WorldDirectory.cpp">
      <Filter>runtime\world\lifecycle</Filter>
    </ClCompile>
    <ClCompile Include="src\runtime\protocol\transport\WireBarrier.cpp">
      <Filter>runtime\protocol\transport</Filter>
    </ClCompile>
    <ClCompile Include="src\runtime\world\simulation\client\ClientWorld.cpp">
      <Filter>runtime\world\simulation\client</Filter>
    </ClCompile>
    <ClCompile Include="src\runtime\world\simulation\client\ClientCharacterControlCoordinator.cpp">
      <Filter>runtime\world\simulation\client</Filter>
    </ClCompile>
    <ClCompile Include="src\runtime\world\simulation\client\ClientInputSystem.cpp">
      <Filter>runtime\world\simulation\client</Filter>
    </ClCompile>
    <ClCompile Include="src\runtime\world\simulation\client\ClientPhysicsSystem.cpp">
      <Filter>runtime\world\simulation\client</Filter>
    </ClCompile>
    <ClCompile Include="src\runtime\world\simulation\client\ClientReplaySystem.cpp">
      <Filter>runtime\world\simulation\client</Filter>
    </ClCompile>
    <ClCompile Include="src\runtime\world\simulation\client\ClientReplicationSystem.cpp">
      <Filter>runtime\world\simulation\client</Filter>
    </ClCompile>
    <ClCompile Include="src\runtime\world\simulation\client\ClientSamplingSystem.cpp">
      <Filter>runtime\world\simulation\client</Filter>
    </ClCompile>
    <ClCompile Include="src\runtime\world\simulation\common\CharacterControlResolver.cpp">
      <Filter>runtime\world\simulation\common</Filter>
    </ClCompile>
    <ClCompile Include="src\runtime\world\simulation\common\CorrectionReplayRunner.cpp">
      <Filter>runtime\world\simulation\common</Filter>
    </ClCompile>
    <ClCompile Include="src\runtime\world\simulation\common\PhysicalWorld.cpp">
      <Filter>runtime\world\simulation\common</Filter>
    </ClCompile>
    <ClCompile Include="src\runtime\world\simulation\common\ShardJobBridge.cpp">
      <Filter>runtime\world\simulation\common</Filter>
    </ClCompile>
    <ClCompile Include="src\runtime\world\simulation\server\ServerWorld.cpp">
      <Filter>runtime\world\simulation\server</Filter>
    </ClCompile>
    <ClCompile Include="src\runtime\world\simulation\server\ServerAoiSystem.cpp">
      <Filter>runtime\world\simulation\server</Filter>
    </ClCompile>
    <ClCompile Include="src\runtime\world\simulation\server\ServerInputSystem.cpp">
      <Filter>runtime\world\simulation\server</Filter>
    </ClCompile>
    <ClCompile Include="src\runtime\world\simulation\server\ServerPhysicsSystem.cpp">
      <Filter>runtime\world\simulation\server</Filter>
    </ClCompile>
    <ClCompile Include="src\runtime\world\simulation\server\ServerReplicationSystem.cpp">
      <Filter>runtime\world\simulation\server</Filter>
    </ClCompile>
    <ClCompile Include="src\runtime\social\SocialService.cpp">
      <Filter>runtime\social</Filter>
    </ClCompile>
  </ItemGroup>
  <ItemGroup>
    <CustomBuild Include="include\jamnet\runtime\protocol\schema\fbs\actor_spawn.fbs">
      <Filter>runtime\protocol\schema\fbs</Filter>
    </CustomBuild>
    <CustomBuild Include="include\jamnet\runtime\protocol\schema\fbs\baseline_ack.fbs">
      <Filter>runtime\protocol\schema\fbs</Filter>
    </CustomBuild>
    <CustomBuild Include="include\jamnet\runtime\protocol\schema\fbs\binding_handshake.fbs">
      <Filter>runtime\protocol\schema\fbs</Filter>
    </CustomBuild>
    <CustomBuild Include="include\jamnet\runtime\protocol\schema\fbs\input.fbs">
      <Filter>runtime\protocol\schema\fbs</Filter>
    </CustomBuild>
    <CustomBuild Include="include\jamnet\runtime\protocol\schema\fbs\lifecycle.fbs">
      <Filter>runtime\protocol\schema\fbs</Filter>
    </CustomBuild>
    <CustomBuild Include="include\jamnet\runtime\protocol\schema\fbs\physics_type.fbs">
      <Filter>runtime\protocol\schema\fbs</Filter>
    </CustomBuild>
    <CustomBuild Include="include\jamnet\runtime\protocol\schema\fbs\snapshot.fbs">
      <Filter>runtime\protocol\schema\fbs</Filter>
    </CustomBuild>
    <CustomBuild Include="include\jamnet\runtime\protocol\schema\fbs\world_assignment.fbs">
      <Filter>runtime\protocol\schema\fbs</Filter>
    </CustomBuild>
    <CustomBuild Include="include\jamnet\runtime\protocol\schema\fbs\social_types.fbs">
      <Filter>runtime\protocol\schema\fbs</Filter>
    </CustomBuild>
    <CustomBuild Include="include\jamnet\runtime\protocol\schema\fbs\social_message.fbs">
      <Filter>runtime\protocol\schema\fbs</Filter>
    </CustomBuild>
    <CustomBuild Include="include\jamnet\runtime\protocol\schema\fbs\social_command.fbs">
      <Filter>runtime\protocol\schema\fbs</Filter>
    </CustomBuild>
  </ItemGroup>
</Project>
