<?xml version="1.0" encoding="utf-8"?>
<Project ToolsVersion="4.0" xmlns="http://schemas.microsoft.com/developer/msbuild/2003">
  <ItemGroup>
    <Filter Include="02.Network">
      <UniqueIdentifier>{033b30c4-0cba-4dc7-9391-bfbe38ec2fd3}</UniqueIdentifier>
    </Filter>
    <Filter Include="02.Network\UDP">
      <UniqueIdentifier>{de070a00-abf1-478d-9ec4-d0230795ad40}</UniqueIdentifier>
    </Filter>
    <Filter Include="03.Utils">
      <UniqueIdentifier>{8a95abeb-dfb5-4e4f-b436-23684f1aeddf}</UniqueIdentifier>
    </Filter>
    <Filter Include="99.Header">
      <UniqueIdentifier>{7a026055-09e3-4a75-a3da-2b967a2f9237}</UniqueIdentifier>
    </Filter>
    <Filter Include="01.IOCP">
      <UniqueIdentifier>{1333cbf8-d850-4256-882e-62e374fe0ad1}</UniqueIdentifier>
    </Filter>
    <Filter Include="02.Network\TCP">
      <UniqueIdentifier>{90c880e0-3ca4-4c45-a817-d983f4a04d74}</UniqueIdentifier>
    </Filter>
  </ItemGroup>
  <ItemGroup>
    <ClInclude Include="NetAddress.h">
      <Filter>03.Utils</Filter>
    </ClInclude>
    <ClInclude Include="SocketUtils.h">
      <Filter>03.Utils</Filter>
    </ClInclude>
    <ClInclude Include="RecvBuffer.h">
      <Filter>03.Utils</Filter>
    </ClInclude>
    <ClInclude Include="SendBuffer.h">
      <Filter>03.Utils</Filter>
    </ClInclude>
    <ClInclude Include="IocpCore.h">
      <Filter>01.IOCP</Filter>
    </ClInclude>
    <ClInclude Include="IocpEvent.h">
      <Filter>01.IOCP</Filter>
    </ClInclude>
    <ClInclude Include="pch.h">
      <Filter>99.Header</Filter>
    </ClInclude>
    <ClInclude Include="JamNetPCH.h">
      <Filter>99.Header</Filter>
    </ClInclude>
    <ClInclude Include="Service.h">
      <Filter>02.Network</Filter>
    </ClInclude>
    <ClInclude Include="Session.h">
      <Filter>02.Network</Filter>
    </ClInclude>
    <ClInclude Include="TcpSession.h">
      <Filter>02.Network\TCP</Filter>
    </ClInclude>
    <ClInclude Include="TcpListener.h">
      <Filter>02.Network\TCP</Filter>
    </ClInclude>
    <ClInclude Include="UdpSession.h">
      <Filter>02.Network\UDP</Filter>
    </ClInclude>
    <ClInclude Include="UdpReceiver.h">
      <Filter>02.Network\UDP</Filter>
    </ClInclude>
  </ItemGroup>
  <ItemGroup>
    <ClCompile Include="NetAddress.cpp">
      <Filter>03.Utils</Filter>
    </ClCompile>
    <ClCompile Include="SocketUtils.cpp">
      <Filter>03.Utils</Filter>
    </ClCompile>
    <ClCompile Include="RecvBuffer.cpp">
      <Filter>03.Utils</Filter>
    </ClCompile>
    <ClCompile Include="SendBuffer.cpp">
      <Filter>03.Utils</Filter>
    </ClCompile>
    <ClCompile Include="IocpCore.cpp">
      <Filter>01.IOCP</Filter>
    </ClCompile>
    <ClCompile Include="IocpEvent.cpp">
      <Filter>01.IOCP</Filter>
    </ClCompile>
    <ClCompile Include="pch.cpp">
      <Filter>99.Header</Filter>
    </ClCompile>
    <ClCompile Include="JamNetPCH.cpp">
      <Filter>99.Header</Filter>
    </ClCompile>
    <ClCompile Include="Service.cpp">
      <Filter>02.Network</Filter>
    </ClCompile>
    <ClCompile Include="Session.cpp">
      <Filter>02.Network</Filter>
    </ClCompile>
    <ClCompile Include="TcpSession.cpp">
      <Filter>02.Network\TCP</Filter>
    </ClCompile>
    <ClCompile Include="TcpListener.cpp">
      <Filter>02.Network\TCP</Filter>
    </ClCompile>
    <ClCompile Include="UdpSession.cpp">
      <Filter>02.Network\UDP</Filter>
    </ClCompile>
    <ClCompile Include="UdpReceiver.cpp">
      <Filter>02.Network\UDP</Filter>
    </ClCompile>
  </ItemGroup>
</Project>