<?xml version="1.0" encoding="utf-8"?>
<Project ToolsVersion="4.0" xmlns="http://schemas.microsoft.com/developer/msbuild/2003">
  <ItemGroup>
    <Filter Include="99.Header">
      <UniqueIdentifier>{f61c58c4-06c7-4039-91d0-834718b516ee}</UniqueIdentifier>
    </Filter>
    <Filter Include="02.Thread">
      <UniqueIdentifier>{6ac1e2a9-1ff4-46b8-a28c-a5d88c3a16bf}</UniqueIdentifier>
    </Filter>
    <Filter Include="03.Job">
      <UniqueIdentifier>{9ce9db4f-1a60-42aa-976d-2a37600e0ed2}</UniqueIdentifier>
    </Filter>
    <Filter Include="01.Memory">
      <UniqueIdentifier>{b6d568f9-e37f-4803-bc62-270ec60ce085}</UniqueIdentifier>
    </Filter>
    <Filter Include="04.Utils">
      <UniqueIdentifier>{fbe92348-57ce-4621-a417-aeb31bc78800}</UniqueIdentifier>
    </Filter>
    <Filter Include="02.Thread\Fiber">
      <UniqueIdentifier>{78deb6e0-50e7-40e2-b3e6-b2ae64be95bd}</UniqueIdentifier>
    </Filter>
    <Filter Include="02.Thread\Worker">
      <UniqueIdentifier>{c5515faa-b608-4131-b8be-ddad6cfb46ae}</UniqueIdentifier>
    </Filter>
    <Filter Include="02.Thread\Lock">
      <UniqueIdentifier>{217017b4-f819-4c1a-b515-29779c93a8a4}</UniqueIdentifier>
    </Filter>
    <Filter Include="05.Exec">
      <UniqueIdentifier>{37cb7a2d-a205-4ed8-a75e-5a1378b0fa45}</UniqueIdentifier>
    </Filter>
    <Filter Include="06.Sys">
      <UniqueIdentifier>{a54d303c-ed9a-4423-ab40-bb981b3af6af}</UniqueIdentifier>
    </Filter>
  </ItemGroup>
  <ItemGroup>
    <ClCompile Include="pch.cpp">
      <Filter>99.Header</Filter>
    </ClCompile>
    <ClCompile Include="Logger.cpp">
      <Filter>04.Utils</Filter>
    </ClCompile>
    <ClCompile Include="Allocator.cpp">
      <Filter>01.Memory</Filter>
    </ClCompile>
    <ClCompile Include="MemoryPool.cpp">
      <Filter>01.Memory</Filter>
    </ClCompile>
    <ClCompile Include="MemoryManager.cpp">
      <Filter>01.Memory</Filter>
    </ClCompile>
    <ClCompile Include="Job.cpp">
      <Filter>03.Job</Filter>
    </ClCompile>
    <ClCompile Include="JobTimer.cpp">
      <Filter>03.Job</Filter>
    </ClCompile>
    <ClCompile Include="JobQueue.cpp">
      <Filter>03.Job</Filter>
    </ClCompile>
    <ClCompile Include="GlobalQueue.cpp">
      <Filter>03.Job</Filter>
    </ClCompile>
    <ClCompile Include="JamUtilsPCH.cpp">
      <Filter>99.Header</Filter>
    </ClCompile>
    <ClCompile Include="FiberScheduler.cpp">
      <Filter>02.Thread\Fiber</Filter>
    </ClCompile>
    <ClCompile Include="Fiber.cpp">
      <Filter>02.Thread\Fiber</Filter>
    </ClCompile>
    <ClCompile Include="WorkerPool.cpp">
      <Filter>02.Thread\Worker</Filter>
    </ClCompile>
    <ClCompile Include="Worker.cpp">
      <Filter>02.Thread\Worker</Filter>
    </ClCompile>
    <ClCompile Include="TLS.cpp">
      <Filter>02.Thread\Worker</Filter>
    </ClCompile>
    <ClCompile Include="DeadLockProfiler.cpp">
      <Filter>02.Thread\Lock</Filter>
    </ClCompile>
    <ClCompile Include="Lock.cpp">
      <Filter>02.Thread\Lock</Filter>
    </ClCompile>
    <ClCompile Include="LockDeque.cpp">
      <Filter>02.Thread\Lock</Filter>
    </ClCompile>
    <ClCompile Include="LockQueue.cpp">
      <Filter>02.Thread\Lock</Filter>
    </ClCompile>
    <ClCompile Include="GlobalExecutor.cpp">
      <Filter>05.Exec</Filter>
    </ClCompile>
    <ClCompile Include="Mailbox.cpp">
      <Filter>05.Exec</Filter>
    </ClCompile>
    <ClCompile Include="ShardEndpoint.cpp">
      <Filter>05.Exec</Filter>
    </ClCompile>
    <ClCompile Include="ShardExecutor.cpp">
      <Filter>05.Exec</Filter>
    </ClCompile>
    <ClCompile Include="CpuAffinity.cpp">
      <Filter>06.Sys</Filter>
    </ClCompile>
    <ClCompile Include="NumaTopology.cpp">
      <Filter>06.Sys</Filter>
    </ClCompile>
    <ClCompile Include="WinFiberBackend.cpp">
      <Filter>02.Thread\Fiber</Filter>
    </ClCompile>
    <ClCompile Include="FiberCommon.cpp" />
  </ItemGroup>
  <ItemGroup>
    <ClInclude Include="pch.h">
      <Filter>99.Header</Filter>
    </ClInclude>
    <ClInclude Include="Logger.h">
      <Filter>04.Utils</Filter>
    </ClInclude>
    <ClInclude Include="Containers.h">
      <Filter>01.Memory</Filter>
    </ClInclude>
    <ClInclude Include="TypeCast.h">
      <Filter>01.Memory</Filter>
    </ClInclude>
    <ClInclude Include="ObjectPool.h">
      <Filter>01.Memory</Filter>
    </ClInclude>
    <ClInclude Include="MemoryPool.h">
      <Filter>01.Memory</Filter>
    </ClInclude>
    <ClInclude Include="MemoryManager.h">
      <Filter>01.Memory</Filter>
    </ClInclude>
    <ClInclude Include="Allocator.h">
      <Filter>01.Memory</Filter>
    </ClInclude>
    <ClInclude Include="Job.h">
      <Filter>03.Job</Filter>
    </ClInclude>
    <ClInclude Include="JobTimer.h">
      <Filter>03.Job</Filter>
    </ClInclude>
    <ClInclude Include="JobQueue.h">
      <Filter>03.Job</Filter>
    </ClInclude>
    <ClInclude Include="GlobalQueue.h">
      <Filter>03.Job</Filter>
    </ClInclude>
    <ClInclude Include="JamUtilsPCH.h">
      <Filter>99.Header</Filter>
    </ClInclude>
    <ClInclude Include="JamEnums.h">
      <Filter>99.Header</Filter>
    </ClInclude>
    <ClInclude Include="JamMacro.h">
      <Filter>99.Header</Filter>
    </ClInclude>
    <ClInclude Include="JamTypes.h">
      <Filter>99.Header</Filter>
    </ClInclude>
    <ClInclude Include="JamValues.h">
      <Filter>99.Header</Filter>
    </ClInclude>
    <ClInclude Include="FiberScheduler.h">
      <Filter>02.Thread\Fiber</Filter>
    </ClInclude>
    <ClInclude Include="Fiber.h">
      <Filter>02.Thread\Fiber</Filter>
    </ClInclude>
    <ClInclude Include="WorkerPool.h">
      <Filter>02.Thread\Worker</Filter>
    </ClInclude>
    <ClInclude Include="Worker.h">
      <Filter>02.Thread\Worker</Filter>
    </ClInclude>
    <ClInclude Include="TLS.h">
      <Filter>02.Thread\Worker</Filter>
    </ClInclude>
    <ClInclude Include="DeadLockProfiler.h">
      <Filter>02.Thread\Lock</Filter>
    </ClInclude>
    <ClInclude Include="Lock.h">
      <Filter>02.Thread\Lock</Filter>
    </ClInclude>
    <ClInclude Include="LockDeque.h">
      <Filter>02.Thread\Lock</Filter>
    </ClInclude>
    <ClInclude Include="LockQueue.h">
      <Filter>02.Thread\Lock</Filter>
    </ClInclude>
    <ClInclude Include="ShardExecutor.h">
      <Filter>05.Exec</Filter>
    </ClInclude>
    <ClInclude Include="GlobalExecutor.h">
      <Filter>05.Exec</Filter>
    </ClInclude>
    <ClInclude Include="Mailbox.h">
      <Filter>05.Exec</Filter>
    </ClInclude>
    <ClInclude Include="ShardEndpoint.h">
      <Filter>05.Exec</Filter>
    </ClInclude>
    <ClInclude Include="CpuAffinity.h">
      <Filter>06.Sys</Filter>
    </ClInclude>
    <ClInclude Include="NumaTopology.h">
      <Filter>06.Sys</Filter>
    </ClInclude>
    <ClInclude Include="WinFiberBackend.h">
      <Filter>02.Thread\Fiber</Filter>
    </ClInclude>
    <ClInclude Include="FiberCommon.h" />
  </ItemGroup>
</Project>