<?xml version="1.0" encoding="utf-8"?>
<Project ToolsVersion="4.0" xmlns="http://schemas.microsoft.com/developer/msbuild/2003">
  <ItemGroup>
    <Filter Include="Header">
      <UniqueIdentifier>{e80a360d-2c65-4d5c-ac12-52a6537eb2b4}</UniqueIdentifier>
    </Filter>
  </ItemGroup>
  <ItemGroup>
    <ClInclude Include="ExecutorMetricsReporter.h">
      <Filter>Header</Filter>
    </ClInclude>
    <ClInclude Include="pch.h" />
  </ItemGroup>
  <ItemGroup>
    <ClCompile Include="pch.cpp" />
    <ClCompile Include="main.cpp" />
  </ItemGroup>
</Project>
