<?xml version="1.0" encoding="utf-8"?>
<Project ToolsVersion="4.0" xmlns="http://schemas.microsoft.com/developer/msbuild/2003">
  <ItemGroup>
    <ClCompile Include="pch.cpp">
      <Filter>Header</Filter>
    </ClCompile>
    <ClCompile Include="main.cpp">
      <Filter>Main</Filter>
    </ClCompile>
    <ClCompile Include="ClientInstance.cpp">
      <Filter>Main</Filter>
    </ClCompile>
    <ClCompile Include="Renderer.cpp">
      <Filter>Main</Filter>
    </ClCompile>
  </ItemGroup>
  <ItemGroup>
    <Filter Include="Header">
      <UniqueIdentifier>{6e4b90eb-468b-4209-992c-b833d4f1bade}</UniqueIdentifier>
    </Filter>
    <Filter Include="Main">
      <UniqueIdentifier>{add048f3-3c22-44d1-9c1c-f21cd6b54092}</UniqueIdentifier>
    </Filter>
  </ItemGroup>
  <ItemGroup>
    <ClInclude Include="pch.h">
      <Filter>Header</Filter>
    </ClInclude>
    <ClInclude Include="ClientInstance.h">
      <Filter>Main</Filter>
    </ClInclude>
    <ClInclude Include="Renderer.h">
      <Filter>Main</Filter>
    </ClInclude>
  </ItemGroup>
  <ItemGroup>
    <None Include="Contents\test_prefab.json" />
    <None Include="Contents\test_level.json" />
  </ItemGroup>
</Project>