<?xml version="1.0" encoding="utf-8"?>
<Project ToolsVersion="4.0" xmlns="http://schemas.microsoft.com/developer/msbuild/2003">
  <ItemGroup>
    <ClInclude Include="include\jambase\EnumUtils.h" />
    <ClInclude Include="include\jambase\CacheLine.h" />
    <ClInclude Include="include\jambase\JamMacro.h" />
    <ClInclude Include="include\jambase\JamTypes.h" />
    <ClInclude Include="include\jambase\Fnv1a.h" />
    <ClInclude Include="include\jambase\Logger.h" />
    <ClInclude Include="include\jambase\JamAssert.h" />
    <ClInclude Include="include\jambase\TaggedKey.h" />
    <ClInclude Include="include\jambase\SmallHash.h" />
  </ItemGroup>
</Project>